
Microsoft Visual Studio Solution File, Format Version 12.00
# Visual Studio Version 17
VisualStudioVersion = 17.2.32616.157
MinimumVisualStudioVersion = 10.0.40219.1
Project("{FAE04EC0-301F-11D3-BF4B-00C04F79EFBC}") = "proyectonovacarshop", "proyectonovacarshop\proyectonovacarshop.csproj", "{6946E072-3C3D-4F7F-B0E9-E3C7BA3C6131}"
EndProject
Project("{FAE04EC0-301F-11D3-BF4B-00C04F79EFBC}") = "Acceso_de_Datos", "Acceso_de_Datos\Acceso_de_Datos.csproj", "{D1F90EC9-C67F-45E9-B2C1-CE628AFF7689}"
EndProject
Project("{FAE04EC0-301F-11D3-BF4B-00C04F79EFBC}") = "Negocios", "Negocios\Negocios.csproj", "{F4951FBA-8D3E-4C8B-A1D7-4A91DD001024}"
EndProject
Global
	GlobalSection(SolutionConfigurationPlatforms) = preSolution
		Debug|Any CPU = Debug|Any CPU
		Release|Any CPU = Release|Any CPU
	EndGlobalSection
	GlobalSection(ProjectConfigurationPlatforms) = postSolution
		{6946E072-3C3D-4F7F-B0E9-E3C7BA3C6131}.Debug|Any CPU.ActiveCfg = Debug|Any CPU
		{6946E072-3C3D-4F7F-B0E9-E3C7BA3C6131}.Debug|Any CPU.Build.0 = Debug|Any CPU
		{6946E072-3C3D-4F7F-B0E9-E3C7BA3C6131}.Release|Any CPU.ActiveCfg = Release|Any CPU
		{6946E072-3C3D-4F7F-B0E9-E3C7BA3C6131}.Release|Any CPU.Build.0 = Release|Any CPU
		{D1F90EC9-C67F-45E9-B2C1-CE628AFF7689}.Debug|Any CPU.ActiveCfg = Debug|Any CPU
		{D1F90EC9-C67F-45E9-B2C1-CE628AFF7689}.Debug|Any CPU.Build.0 = Debug|Any CPU
		{D1F90EC9-C67F-45E9-B2C1-CE628AFF7689}.Release|Any CPU.ActiveCfg = Release|Any CPU
		{D1F90EC9-C67F-45E9-B2C1-CE628AFF7689}.Release|Any CPU.Build.0 = Release|Any CPU
		{F4951FBA-8D3E-4C8B-A1D7-4A91DD001024}.Debug|Any CPU.ActiveCfg = Debug|Any CPU
		{F4951FBA-8D3E-4C8B-A1D7-4A91DD001024}.Debug|Any CPU.Build.0 = Debug|Any CPU
		{F4951FBA-8D3E-4C8B-A1D7-4A91DD001024}.Release|Any CPU.ActiveCfg = Release|Any CPU
		{F4951FBA-8D3E-4C8B-A1D7-4A91DD001024}.Release|Any CPU.Build.0 = Release|Any CPU
	EndGlobalSection
	GlobalSection(SolutionProperties) = preSolution
		HideSolutionNode = FALSE
	EndGlobalSection
	GlobalSection(ExtensibilityGlobals) = postSolution
		SolutionGuid = {7DF2EB2B-56C7-41C7-9757-92CA5E7CE56D}
	EndGlobalSection
EndGlobal
